
Microsoft Visual Studio Solution File, Format Version 12.00
# Visual Studio 15
VisualStudioVersion = 15.0.26124.0
MinimumVisualStudioVersion = 15.0.26124.0
Project("{2150E333-8FDC-42A3-9474-1A3956D46DE8}") = "src", "src", "{885C0D3C-E0F2-4E58-BD77-44916B1B5832}"
EndProject
Project("{FAE04EC0-301F-11D3-BF4B-00C04F79EFBC}") = "BundtCake", "src\BundtCake\BundtCake.csproj", "{527E2F95-E6BA-4D18-99ED-BD40A8FE9F5D}"
EndProject
Project("{FAE04EC0-301F-11D3-BF4B-00C04F79EFBC}") = "BundtPerson", "src\BundtPerson\BundtPerson.csproj", "{8011CA2E-6BD9-4808-AB7F-E089322F4DAD}"
EndProject
Project("{FAE04EC0-301F-11D3-BF4B-00C04F79EFBC}") = "BundtFriends", "src\BundtFriends\BundtFriends.csproj", "{C790E08F-B14F-4EBC-842C-734E57BACBBD}"
EndProject
Project("{FAE04EC0-301F-11D3-BF4B-00C04F79EFBC}") = "BundtToBundt", "src\BundtToBundt\BundtToBundt.csproj", "{D1BC1185-0CB5-45DE-88EC-870767BE2028}"
EndProject
Global
	GlobalSection(SolutionConfigurationPlatforms) = preSolution
		Debug|Any CPU = Debug|Any CPU
		Debug|x64 = Debug|x64
		Debug|x86 = Debug|x86
		Release|Any CPU = Release|Any CPU
		Release|x64 = Release|x64
		Release|x86 = Release|x86
	EndGlobalSection
	GlobalSection(SolutionProperties) = preSolution
		HideSolutionNode = FALSE
	EndGlobalSection
	GlobalSection(ProjectConfigurationPlatforms) = postSolution
		{527E2F95-E6BA-4D18-99ED-BD40A8FE9F5D}.Debug|Any CPU.ActiveCfg = Debug|Any CPU
		{527E2F95-E6BA-4D18-99ED-BD40A8FE9F5D}.Debug|Any CPU.Build.0 = Debug|Any CPU
		{527E2F95-E6BA-4D18-99ED-BD40A8FE9F5D}.Debug|x64.ActiveCfg = Debug|x64
		{527E2F95-E6BA-4D18-99ED-BD40A8FE9F5D}.Debug|x64.Build.0 = Debug|x64
		{527E2F95-E6BA-4D18-99ED-BD40A8FE9F5D}.Debug|x86.ActiveCfg = Debug|x86
		{527E2F95-E6BA-4D18-99ED-BD40A8FE9F5D}.Debug|x86.Build.0 = Debug|x86
		{527E2F95-E6BA-4D18-99ED-BD40A8FE9F5D}.Release|Any CPU.ActiveCfg = Release|Any CPU
		{527E2F95-E6BA-4D18-99ED-BD40A8FE9F5D}.Release|Any CPU.Build.0 = Release|Any CPU
		{527E2F95-E6BA-4D18-99ED-BD40A8FE9F5D}.Release|x64.ActiveCfg = Release|x64
		{527E2F95-E6BA-4D18-99ED-BD40A8FE9F5D}.Release|x64.Build.0 = Release|x64
		{527E2F95-E6BA-4D18-99ED-BD40A8FE9F5D}.Release|x86.ActiveCfg = Release|x86
		{527E2F95-E6BA-4D18-99ED-BD40A8FE9F5D}.Release|x86.Build.0 = Release|x86
		{8011CA2E-6BD9-4808-AB7F-E089322F4DAD}.Debug|Any CPU.ActiveCfg = Debug|Any CPU
		{8011CA2E-6BD9-4808-AB7F-E089322F4DAD}.Debug|Any CPU.Build.0 = Debug|Any CPU
		{8011CA2E-6BD9-4808-AB7F-E089322F4DAD}.Debug|x64.ActiveCfg = Debug|x64
		{8011CA2E-6BD9-4808-AB7F-E089322F4DAD}.Debug|x64.Build.0 = Debug|x64
		{8011CA2E-6BD9-4808-AB7F-E089322F4DAD}.Debug|x86.ActiveCfg = Debug|x86
		{8011CA2E-6BD9-4808-AB7F-E089322F4DAD}.Debug|x86.Build.0 = Debug|x86
		{8011CA2E-6BD9-4808-AB7F-E089322F4DAD}.Release|Any CPU.ActiveCfg = Release|Any CPU
		{8011CA2E-6BD9-4808-AB7F-E089322F4DAD}.Release|Any CPU.Build.0 = Release|Any CPU
		{8011CA2E-6BD9-4808-AB7F-E089322F4DAD}.Release|x64.ActiveCfg = Release|x64
		{8011CA2E-6BD9-4808-AB7F-E089322F4DAD}.Release|x64.Build.0 = Release|x64
		{8011CA2E-6BD9-4808-AB7F-E089322F4DAD}.Release|x86.ActiveCfg = Release|x86
		{8011CA2E-6BD9-4808-AB7F-E089322F4DAD}.Release|x86.Build.0 = Release|x86
		{C790E08F-B14F-4EBC-842C-734E57BACBBD}.Debug|Any CPU.ActiveCfg = Debug|Any CPU
		{C790E08F-B14F-4EBC-842C-734E57BACBBD}.Debug|Any CPU.Build.0 = Debug|Any CPU
		{C790E08F-B14F-4EBC-842C-734E57BACBBD}.Debug|x64.ActiveCfg = Debug|x64
		{C790E08F-B14F-4EBC-842C-734E57BACBBD}.Debug|x64.Build.0 = Debug|x64
		{C790E08F-B14F-4EBC-842C-734E57BACBBD}.Debug|x86.ActiveCfg = Debug|x86
		{C790E08F-B14F-4EBC-842C-734E57BACBBD}.Debug|x86.Build.0 = Debug|x86
		{C790E08F-B14F-4EBC-842C-734E57BACBBD}.Release|Any CPU.ActiveCfg = Release|Any CPU
		{C790E08F-B14F-4EBC-842C-734E57BACBBD}.Release|Any CPU.Build.0 = Release|Any CPU
		{C790E08F-B14F-4EBC-842C-734E57BACBBD}.Release|x64.ActiveCfg = Release|x64
		{C790E08F-B14F-4EBC-842C-734E57BACBBD}.Release|x64.Build.0 = Release|x64
		{C790E08F-B14F-4EBC-842C-734E57BACBBD}.Release|x86.ActiveCfg = Release|x86
		{C790E08F-B14F-4EBC-842C-734E57BACBBD}.Release|x86.Build.0 = Release|x86
		{D1BC1185-0CB5-45DE-88EC-870767BE2028}.Debug|Any CPU.ActiveCfg = Debug|Any CPU
		{D1BC1185-0CB5-45DE-88EC-870767BE2028}.Debug|Any CPU.Build.0 = Debug|Any CPU
		{D1BC1185-0CB5-45DE-88EC-870767BE2028}.Debug|x64.ActiveCfg = Debug|x64
		{D1BC1185-0CB5-45DE-88EC-870767BE2028}.Debug|x64.Build.0 = Debug|x64
		{D1BC1185-0CB5-45DE-88EC-870767BE2028}.Debug|x86.ActiveCfg = Debug|x86
		{D1BC1185-0CB5-45DE-88EC-870767BE2028}.Debug|x86.Build.0 = Debug|x86
		{D1BC1185-0CB5-45DE-88EC-870767BE2028}.Release|Any CPU.ActiveCfg = Release|Any CPU
		{D1BC1185-0CB5-45DE-88EC-870767BE2028}.Release|Any CPU.Build.0 = Release|Any CPU
		{D1BC1185-0CB5-45DE-88EC-870767BE2028}.Release|x64.ActiveCfg = Release|x64
		{D1BC1185-0CB5-45DE-88EC-870767BE2028}.Release|x64.Build.0 = Release|x64
		{D1BC1185-0CB5-45DE-88EC-870767BE2028}.Release|x86.ActiveCfg = Release|x86
		{D1BC1185-0CB5-45DE-88EC-870767BE2028}.Release|x86.Build.0 = Release|x86
	EndGlobalSection
	GlobalSection(NestedProjects) = preSolution
		{527E2F95-E6BA-4D18-99ED-BD40A8FE9F5D} = {885C0D3C-E0F2-4E58-BD77-44916B1B5832}
		{8011CA2E-6BD9-4808-AB7F-E089322F4DAD} = {885C0D3C-E0F2-4E58-BD77-44916B1B5832}
		{C790E08F-B14F-4EBC-842C-734E57BACBBD} = {885C0D3C-E0F2-4E58-BD77-44916B1B5832}
		{D1BC1185-0CB5-45DE-88EC-870767BE2028} = {885C0D3C-E0F2-4E58-BD77-44916B1B5832}
	EndGlobalSection
EndGlobal
